
Microsoft Visual Studio Solution File, Format Version 12.00
# Visual Studio 15
VisualStudioVersion = 15.0.28010.2041
MinimumVisualStudioVersion = 10.0.40219.1
Project("{FAE04EC0-301F-11D3-BF4B-00C04F79EFBC}") = "Motor", "Motor\Motor.csproj", "{14D00AF2-993B-4B71-A064-428F63618A29}"
EndProject
Global
	GlobalSection(SolutionConfigurationPlatforms) = preSolution
		Debug|Any CPU = Debug|Any CPU
		Release|Any CPU = Release|Any CPU
	EndGlobalSection
	GlobalSection(ProjectConfigurationPlatforms) = postSolution
		{14D00AF2-993B-4B71-A064-428F63618A29}.Debug|Any CPU.ActiveCfg = Debug|Any CPU
		{14D00AF2-993B-4B71-A064-428F63618A29}.Debug|Any CPU.Build.0 = Debug|Any CPU
		{14D00AF2-993B-4B71-A064-428F63618A29}.Release|Any CPU.ActiveCfg = Release|Any CPU
		{14D00AF2-993B-4B71-A064-428F63618A29}.Release|Any CPU.Build.0 = Release|Any CPU
	EndGlobalSection
	GlobalSection(SolutionProperties) = preSolution
		HideSolutionNode = FALSE
	EndGlobalSection
	GlobalSection(ExtensibilityGlobals) = postSolution
		SolutionGuid = {5D8D7F32-0992-4C5A-B2F8-89B7D058C54F}
	EndGlobalSection
EndGlobal
